// !$*UTF8*$!
{
	archiveVersion = 1;
	classes = {
	};
	objectVersion = 50;
	objects = {

/* Begin PBXBuildFile section */
		2418024C1CE3B19D687050D8 /* Pods_NavigationTutorial.framework in Frameworks */ = {isa = PBXBuildFile; fileRef = 18925BD06015F566AFECA8A4 /* Pods_NavigationTutorial.framework */; };
		D8E394AA20770B2500229BDD /* AppDelegate.swift in Sources */ = {isa = PBXBuildFile; fileRef = D8E394A920770B2500229BDD /* AppDelegate.swift */; };
		D8E394AC20770B2500229BDD /* ViewController.swift in Sources */ = {isa = PBXBuildFile; fileRef = D8E394AB20770B2500229BDD /* ViewController.swift */; };
		D8E394AF20770B2500229BDD /* Main.storyboard in Resources */ = {isa = PBXBuildFile; fileRef = D8E394AD20770B2500229BDD /* Main.storyboard */; };
		D8E394B120770B2600229BDD /* Assets.xcassets in Resources */ = {isa = PBXBuildFile; fileRef = D8E394B020770B2600229BDD /* Assets.xcassets */; };
		D8E394B420770B2600229BDD /* LaunchScreen.storyboard in Resources */ = {isa = PBXBuildFile; fileRef = D8E394B220770B2600229BDD /* LaunchScreen.storyboard */; };
		D8FC4FD6207D6A9A00221ED0 /* WaypointsManager.swift in Sources */ = {isa = PBXBuildFile; fileRef = D8FC4FD5207D6A9A00221ED0 /* WaypointsManager.swift */; };
/* End PBXBuildFile section */

/* Begin PBXFileReference section */
		18925BD06015F566AFECA8A4 /* Pods_NavigationTutorial.framework */ = {isa = PBXFileReference; explicitFileType = wrapper.framework; includeInIndex = 0; path = Pods_NavigationTutorial.framework; sourceTree = BUILT_PRODUCTS_DIR; };
		75575BB21E48F5A466F9E082 /* Pods-NavigationTutorial.debug.xcconfig */ = {isa = PBXFileReference; includeInIndex = 1; lastKnownFileType = text.xcconfig; name = "Pods-NavigationTutorial.debug.xcconfig"; path = "Pods/Target Support Files/Pods-NavigationTutorial/Pods-NavigationTutorial.debug.xcconfig"; sourceTree = "<group>"; };
		C390895DBFA0AABE86E06059 /* Pods-NavigationTutorial.release.xcconfig */ = {isa = PBXFileReference; includeInIndex = 1; lastKnownFileType = text.xcconfig; name = "Pods-NavigationTutorial.release.xcconfig"; path = "Pods/Target Support Files/Pods-NavigationTutorial/Pods-NavigationTutorial.release.xcconfig"; sourceTree = "<group>"; };
		D8E394A620770B2500229BDD /* NavigationTutorial.app */ = {isa = PBXFileReference; explicitFileType = wrapper.application; includeInIndex = 0; path = NavigationTutorial.app; sourceTree = BUILT_PRODUCTS_DIR; };
		D8E394A920770B2500229BDD /* AppDelegate.swift */ = {isa = PBXFileReference; lastKnownFileType = sourcecode.swift; path = AppDelegate.swift; sourceTree = "<group>"; };
		D8E394AB20770B2500229BDD /* ViewController.swift */ = {isa = PBXFileReference; lastKnownFileType = sourcecode.swift; path = ViewController.swift; sourceTree = "<group>"; };
		D8E394AE20770B2500229BDD /* Base */ = {isa = PBXFileReference; lastKnownFileType = file.storyboard; name = Base; path = Base.lproj/Main.storyboard; sourceTree = "<group>"; };
		D8E394B020770B2600229BDD /* Assets.xcassets */ = {isa = PBXFileReference; lastKnownFileType = folder.assetcatalog; path = Assets.xcassets; sourceTree = "<group>"; };
		D8E394B320770B2600229BDD /* Base */ = {isa = PBXFileReference; lastKnownFileType = file.storyboard; name = Base; path = Base.lproj/LaunchScreen.storyboard; sourceTree = "<group>"; };
		D8E394B520770B2600229BDD /* Info.plist */ = {isa = PBXFileReference; lastKnownFileType = text.plist.xml; path = Info.plist; sourceTree = "<group>"; };
		D8FC4FD5207D6A9A00221ED0 /* WaypointsManager.swift */ = {isa = PBXFileReference; lastKnownFileType = sourcecode.swift; path = WaypointsManager.swift; sourceTree = "<group>"; };
/* End PBXFileReference section */

/* Begin PBXFrameworksBuildPhase section */
		D8E394A320770B2500229BDD /* Frameworks */ = {
			isa = PBXFrameworksBuildPhase;
			buildActionMask = 2147483647;
			files = (
				2418024C1CE3B19D687050D8 /* Pods_NavigationTutorial.framework in Frameworks */,
			);
			runOnlyForDeploymentPostprocessing = 0;
		};
/* End PBXFrameworksBuildPhase section */

/* Begin PBXGroup section */
		4016C4C35B602C1885CAFD57 /* Frameworks */ = {
			isa = PBXGroup;
			children = (
				18925BD06015F566AFECA8A4 /* Pods_NavigationTutorial.framework */,
			);
			name = Frameworks;
			sourceTree = "<group>";
		};
		D8E3949D20770B2500229BDD = {
			isa = PBXGroup;
			children = (
				D8E394A820770B2500229BDD /* NavigationTutorial */,
				D8E394A720770B2500229BDD /* Products */,
				ED4214E6D470730E01F8745A /* Pods */,
				4016C4C35B602C1885CAFD57 /* Frameworks */,
			);
			sourceTree = "<group>";
		};
		D8E394A720770B2500229BDD /* Products */ = {
			isa = PBXGroup;
			children = (
				D8E394A620770B2500229BDD /* NavigationTutorial.app */,
			);
			name = Products;
			sourceTree = "<group>";
		};
		D8E394A820770B2500229BDD /* NavigationTutorial */ = {
			isa = PBXGroup;
			children = (
				D8E394A920770B2500229BDD /* AppDelegate.swift */,
				D8E394AB20770B2500229BDD /* ViewController.swift */,
				D8E394AD20770B2500229BDD /* Main.storyboard */,
				D8FC4FD5207D6A9A00221ED0 /* WaypointsManager.swift */,
				D8E394B020770B2600229BDD /* Assets.xcassets */,
				D8E394B220770B2600229BDD /* LaunchScreen.storyboard */,
				D8E394B520770B2600229BDD /* Info.plist */,
			);
			path = NavigationTutorial;
			sourceTree = "<group>";
		};
		ED4214E6D470730E01F8745A /* Pods */ = {
			isa = PBXGroup;
			children = (
				75575BB21E48F5A466F9E082 /* Pods-NavigationTutorial.debug.xcconfig */,
				C390895DBFA0AABE86E06059 /* Pods-NavigationTutorial.release.xcconfig */,
			);
			name = Pods;
			sourceTree = "<group>";
		};
/* End PBXGroup section */

/* Begin PBXNativeTarget section */
		D8E394A520770B2500229BDD /* NavigationTutorial */ = {
			isa = PBXNativeTarget;
			buildConfigurationList = D8E394B820770B2600229BDD /* Build configuration list for PBXNativeTarget "NavigationTutorial" */;
			buildPhases = (
				60BD62ECB5A844CF166E8802 /* [CP] Check Pods Manifest.lock */,
				D8E394A220770B2500229BDD /* Sources */,
				D8E394A320770B2500229BDD /* Frameworks */,
				D8E394A420770B2500229BDD /* Resources */,
				52CA984FA3B9F664D38B08E5 /* [CP] Embed Pods Frameworks */,
			);
			buildRules = (
			);
			dependencies = (
			);
			name = NavigationTutorial;
			productName = NavigationTutorial;
			productReference = D8E394A620770B2500229BDD /* NavigationTutorial.app */;
			productType = "com.apple.product-type.application";
		};
/* End PBXNativeTarget section */

/* Begin PBXProject section */
		D8E3949E20770B2500229BDD /* Project object */ = {
			isa = PBXProject;
			attributes = {
				LastSwiftUpdateCheck = 0930;
				LastUpgradeCheck = 0930;
				ORGANIZATIONNAME = "Nathan Hsu";
				TargetAttributes = {
					D8E394A520770B2500229BDD = {
						CreatedOnToolsVersion = 9.3;
						SystemCapabilities = {
							com.apple.BackgroundModes = {
								enabled = 1;
							};
						};
					};
				};
			};
			buildConfigurationList = D8E394A120770B2500229BDD /* Build configuration list for PBXProject "NavigationTutorial" */;
			compatibilityVersion = "Xcode 9.3";
			developmentRegion = en;
			hasScannedForEncodings = 0;
			knownRegions = (
				en,
				Base,
			);
			mainGroup = D8E3949D20770B2500229BDD;
			productRefGroup = D8E394A720770B2500229BDD /* Products */;
			projectDirPath = "";
			projectRoot = "";
			targets = (
				D8E394A520770B2500229BDD /* NavigationTutorial */,
			);
		};
/* End PBXProject section */

/* Begin PBXResourcesBuildPhase section */
		D8E394A420770B2500229BDD /* Resources */ = {
			isa = PBXResourcesBuildPhase;
			buildActionMask = 2147483647;
			files = (
				D8E394B420770B2600229BDD /* LaunchScreen.storyboard in Resources */,
				D8E394B120770B2600229BDD /* Assets.xcassets in Resources */,
				D8E394AF20770B2500229BDD /* Main.storyboard in Resources */,
			);
			runOnlyForDeploymentPostprocessing = 0;
		};
/* End PBXResourcesBuildPhase section */

/* Begin PBXShellScriptBuildPhase section */
		52CA984FA3B9F664D38B08E5 /* [CP] Embed Pods Frameworks */ = {
			isa = PBXShellScriptBuildPhase;
			buildActionMask = 2147483647;
			files = (
			);
			inputPaths = (
				"${SRCROOT}/Pods/Target Support Files/Pods-NavigationTutorial/Pods-NavigationTutorial-frameworks.sh",
				"${PODS_ROOT}/Mapbox-iOS-SDK/dynamic/Mapbox.framework",
				"${PODS_ROOT}/Mapbox-iOS-SDK/dynamic/Mapbox.framework.dSYM",
				"${BUILT_PRODUCTS_DIR}/MapboxCoreNavigation/MapboxCoreNavigation.framework",
				"${BUILT_PRODUCTS_DIR}/MapboxDirections.swift/MapboxDirections.framework",
				"${BUILT_PRODUCTS_DIR}/MapboxMobileEvents/MapboxMobileEvents.framework",
				"${BUILT_PRODUCTS_DIR}/MapboxNavigation/MapboxNavigation.framework",
				"${BUILT_PRODUCTS_DIR}/MapboxSpeech/MapboxSpeech.framework",
				"${BUILT_PRODUCTS_DIR}/Polyline/Polyline.framework",
				"${BUILT_PRODUCTS_DIR}/Solar/Solar.framework",
				"${BUILT_PRODUCTS_DIR}/Turf/Turf.framework",
			);
			name = "[CP] Embed Pods Frameworks";
			outputPaths = (
				"${TARGET_BUILD_DIR}/${FRAMEWORKS_FOLDER_PATH}/Mapbox.framework",
				"${DWARF_DSYM_FOLDER_PATH}/Mapbox.framework.dSYM",
				"${TARGET_BUILD_DIR}/${FRAMEWORKS_FOLDER_PATH}/MapboxCoreNavigation.framework",
				"${TARGET_BUILD_DIR}/${FRAMEWORKS_FOLDER_PATH}/MapboxDirections.framework",
				"${TARGET_BUILD_DIR}/${FRAMEWORKS_FOLDER_PATH}/MapboxMobileEvents.framework",
				"${TARGET_BUILD_DIR}/${FRAMEWORKS_FOLDER_PATH}/MapboxNavigation.framework",
				"${TARGET_BUILD_DIR}/${FRAMEWORKS_FOLDER_PATH}/MapboxSpeech.framework",
				"${TARGET_BUILD_DIR}/${FRAMEWORKS_FOLDER_PATH}/Polyline.framework",
				"${TARGET_BUILD_DIR}/${FRAMEWORKS_FOLDER_PATH}/Solar.framework",
				"${TARGET_BUILD_DIR}/${FRAMEWORKS_FOLDER_PATH}/Turf.framework",
			);
			runOnlyForDeploymentPostprocessing = 0;
			shellPath = /bin/sh;
			shellScript = "\"${SRCROOT}/Pods/Target Support Files/Pods-NavigationTutorial/Pods-NavigationTutorial-frameworks.sh\"\n";
			showEnvVarsInLog = 0;
		};
		60BD62ECB5A844CF166E8802 /* [CP] Check Pods Manifest.lock */ = {
			isa = PBXShellScriptBuildPhase;
			buildActionMask = 2147483647;
			files = (
			);
			inputPaths = (
				"${PODS_PODFILE_DIR_PATH}/Podfile.lock",
				"${PODS_ROOT}/Manifest.lock",
			);
			name = "[CP] Check Pods Manifest.lock";
			outputPaths = (
				"$(DERIVED_FILE_DIR)/Pods-NavigationTutorial-checkManifestLockResult.txt",
			);
			runOnlyForDeploymentPostprocessing = 0;
			shellPath = /bin/sh;
			shellScript = "diff \"${PODS_PODFILE_DIR_PATH}/Podfile.lock\" \"${PODS_ROOT}/Manifest.lock\" > /dev/null\nif [ $? != 0 ] ; then\n    # print error to STDERR\n    echo \"error: The sandbox is not in sync with the Podfile.lock. Run 'pod install' or update your CocoaPods installation.\" >&2\n    exit 1\nfi\n# This output is used by Xcode 'outputs' to avoid re-running this script phase.\necho \"SUCCESS\" > \"${SCRIPT_OUTPUT_FILE_0}\"\n";
			showEnvVarsInLog = 0;
		};
/* End PBXShellScriptBuildPhase section */

/* Begin PBXSourcesBuildPhase section */
		D8E394A220770B2500229BDD /* Sources */ = {
			isa = PBXSourcesBuildPhase;
			buildActionMask = 2147483647;
			files = (
				D8E394AC20770B2500229BDD /* ViewController.swift in Sources */,
				D8E394AA20770B2500229BDD /* AppDelegate.swift in Sources */,
				D8FC4FD6207D6A9A00221ED0 /* WaypointsManager.swift in Sources */,
			);
			runOnlyForDeploymentPostprocessing = 0;
		};
/* End PBXSourcesBuildPhase section */

/* Begin PBXVariantGroup section */
		D8E394AD20770B2500229BDD /* Main.storyboard */ = {
			isa = PBXVariantGroup;
			children = (
				D8E394AE20770B2500229BDD /* Base */,
			);
			name = Main.storyboard;
			sourceTree = "<group>";
		};
		D8E394B220770B2600229BDD /* LaunchScreen.storyboard */ = {
			isa = PBXVariantGroup;
			children = (
				D8E394B320770B2600229BDD /* Base */,
			);
			name = LaunchScreen.storyboard;
			sourceTree = "<group>";
		};
/* End PBXVariantGroup section */

/* Begin XCBuildConfiguration section */
		D8E394B620770B2600229BDD /* Debug */ = {
			isa = XCBuildConfiguration;
			buildSettings = {
				ALWAYS_SEARCH_USER_PATHS = NO;
				CLANG_ANALYZER_NONNULL = YES;
				CLANG_ANALYZER_NUMBER_OBJECT_CONVERSION = YES_AGGRESSIVE;
				CLANG_CXX_LANGUAGE_STANDARD = "gnu++14";
				CLANG_CXX_LIBRARY = "libc++";
				CLANG_ENABLE_MODULES = YES;
				CLANG_ENABLE_OBJC_ARC = YES;
				CLANG_ENABLE_OBJC_WEAK = YES;
				CLANG_WARN_BLOCK_CAPTURE_AUTORELEASING = YES;
				CLANG_WARN_BOOL_CONVERSION = YES;
				CLANG_WARN_COMMA = YES;
				CLANG_WARN_CONSTANT_CONVERSION = YES;
				CLANG_WARN_DEPRECATED_OBJC_IMPLEMENTATIONS = YES;
				CLANG_WARN_DIRECT_OBJC_ISA_USAGE = YES_ERROR;
				CLANG_WARN_DOCUMENTATION_COMMENTS = YES;
				CLANG_WARN_EMPTY_BODY = YES;
				CLANG_WARN_ENUM_CONVERSION = YES;
				CLANG_WARN_INFINITE_RECURSION = YES;
				CLANG_WARN_INT_CONVERSION = YES;
				CLANG_WARN_NON_LITERAL_NULL_CONVERSION = YES;
				CLANG_WARN_OBJC_IMPLICIT_RETAIN_SELF = YES;
				CLANG_WARN_OBJC_LITERAL_CONVERSION = YES;
				CLANG_WARN_OBJC_ROOT_CLASS = YES_ERROR;
				CLANG_WARN_RANGE_LOOP_ANALYSIS = YES;
				CLANG_WARN_STRICT_PROTOTYPES = YES;
				CLANG_WARN_SUSPICIOUS_MOVE = YES;
				CLANG_WARN_UNGUARDED_AVAILABILITY = YES_AGGRESSIVE;
				CLANG_WARN_UNREACHABLE_CODE = YES;
				CLANG_WARN__DUPLICATE_METHOD_MATCH = YES;
				CODE_SIGN_IDENTITY = "iPhone Developer";
				COPY_PHASE_STRIP = NO;
				DEBUG_INFORMATION_FORMAT = dwarf;
				ENABLE_STRICT_OBJC_MSGSEND = YES;
				ENABLE_TESTABILITY = YES;
				GCC_C_LANGUAGE_STANDARD = gnu11;
				GCC_DYNAMIC_NO_PIC = NO;
				GCC_NO_COMMON_BLOCKS = YES;
				GCC_OPTIMIZATION_LEVEL = 0;
				GCC_PREPROCESSOR_DEFINITIONS = (
					"DEBUG=1",
					"$(inherited)",
				);
				GCC_WARN_64_TO_32_BIT_CONVERSION = YES;
				GCC_WARN_ABOUT_RETURN_TYPE = YES_ERROR;
				GCC_WARN_UNDECLARED_SELECTOR = YES;
				GCC_WARN_UNINITIALIZED_AUTOS = YES_AGGRESSIVE;
				GCC_WARN_UNUSED_FUNCTION = YES;
				GCC_WARN_UNUSED_VARIABLE = YES;
				IPHONEOS_DEPLOYMENT_TARGET = 11.3;
				MTL_ENABLE_DEBUG_INFO = YES;
				ONLY_ACTIVE_ARCH = YES;
				SDKROOT = iphoneos;
				SWIFT_ACTIVE_COMPILATION_CONDITIONS = DEBUG;
				SWIFT_OPTIMIZATION_LEVEL = "-Onone";
			};
			name = Debug;
		};
		D8E394B720770B2600229BDD /* Release */ = {
			isa = XCBuildConfiguration;
			buildSettings = {
				ALWAYS_SEARCH_USER_PATHS = NO;
				CLANG_ANALYZER_NONNULL = YES;
				CLANG_ANALYZER_NUMBER_OBJECT_CONVERSION = YES_AGGRESSIVE;
				CLANG_CXX_LANGUAGE_STANDARD = "gnu++14";
				CLANG_CXX_LIBRARY = "libc++";
				CLANG_ENABLE_MODULES = YES;
				CLANG_ENABLE_OBJC_ARC = YES;
				CLANG_ENABLE_OBJC_WEAK = YES;
				CLANG_WARN_BLOCK_CAPTURE_AUTORELEASING = YES;
				CLANG_WARN_BOOL_CONVERSION = YES;
				CLANG_WARN_COMMA = YES;
				CLANG_WARN_CONSTANT_CONVERSION = YES;
				CLANG_WARN_DEPRECATED_OBJC_IMPLEMENTATIONS = YES;
				CLANG_WARN_DIRECT_OBJC_ISA_USAGE = YES_ERROR;
				CLANG_WARN_DOCUMENTATION_COMMENTS = YES;
				CLANG_WARN_EMPTY_BODY = YES;
				CLANG_WARN_ENUM_CONVERSION = YES;
				CLANG_WARN_INFINITE_RECURSION = YES;
				CLANG_WARN_INT_CONVERSION = YES;
				CLANG_WARN_NON_LITERAL_NULL_CONVERSION = YES;
				CLANG_WARN_OBJC_IMPLICIT_RETAIN_SELF = YES;
				CLANG_WARN_OBJC_LITERAL_CONVERSION = YES;
				CLANG_WARN_OBJC_ROOT_CLASS = YES_ERROR;
				CLANG_WARN_RANGE_LOOP_ANALYSIS = YES;
				CLANG_WARN_STRICT_PROTOTYPES = YES;
				CLANG_WARN_SUSPICIOUS_MOVE = YES;
				CLANG_WARN_UNGUARDED_AVAILABILITY = YES_AGGRESSIVE;
				CLANG_WARN_UNREACHABLE_CODE = YES;
				CLANG_WARN__DUPLICATE_METHOD_MATCH = YES;
				CODE_SIGN_IDENTITY = "iPhone Developer";
				COPY_PHASE_STRIP = NO;
				DEBUG_INFORMATION_FORMAT = "dwarf-with-dsym";
				ENABLE_NS_ASSERTIONS = NO;
				ENABLE_STRICT_OBJC_MSGSEND = YES;
				GCC_C_LANGUAGE_STANDARD = gnu11;
				GCC_NO_COMMON_BLOCKS = YES;
				GCC_WARN_64_TO_32_BIT_CONVERSION = YES;
				GCC_WARN_ABOUT_RETURN_TYPE = YES_ERROR;
				GCC_WARN_UNDECLARED_SELECTOR = YES;
				GCC_WARN_UNINITIALIZED_AUTOS = YES_AGGRESSIVE;
				GCC_WARN_UNUSED_FUNCTION = YES;
				GCC_WARN_UNUSED_VARIABLE = YES;
				IPHONEOS_DEPLOYMENT_TARGET = 11.3;
				MTL_ENABLE_DEBUG_INFO = NO;
				SDKROOT = iphoneos;
				SWIFT_COMPILATION_MODE = wholemodule;
				SWIFT_OPTIMIZATION_LEVEL = "-O";
				VALIDATE_PRODUCT = YES;
			};
			name = Release;
		};
		D8E394B920770B2600229BDD /* Debug */ = {
			isa = XCBuildConfiguration;
			baseConfigurationReference = 75575BB21E48F5A466F9E082 /* Pods-NavigationTutorial.debug.xcconfig */;
			buildSettings = {
				ASSETCATALOG_COMPILER_APPICON_NAME = AppIcon;
				CODE_SIGN_STYLE = Automatic;
				DEVELOPMENT_TEAM = 34PVCRW63B;
				INFOPLIST_FILE = NavigationTutorial/Info.plist;
				LD_RUNPATH_SEARCH_PATHS = (
					"$(inherited)",
					"@executable_path/Frameworks",
				);
				PRODUCT_BUNDLE_IDENTIFIER = com.Hsunami.Amazon;
				PRODUCT_NAME = "$(TARGET_NAME)";
				SWIFT_VERSION = 4.0;
				TARGETED_DEVICE_FAMILY = "1,2";
			};
			name = Debug;
		};
		D8E394BA20770B2600229BDD /* Release */ = {
			isa = XCBuildConfiguration;
			baseConfigurationReference = C390895DBFA0AABE86E06059 /* Pods-NavigationTutorial.release.xcconfig */;
			buildSettings = {
				ASSETCATALOG_COMPILER_APPICON_NAME = AppIcon;
				CODE_SIGN_STYLE = Automatic;
				DEVELOPMENT_TEAM = 34PVCRW63B;
				INFOPLIST_FILE = NavigationTutorial/Info.plist;
				LD_RUNPATH_SEARCH_PATHS = (
					"$(inherited)",
					"@executable_path/Frameworks",
				);
				PRODUCT_BUNDLE_IDENTIFIER = com.Hsunami.Amazon;
				PRODUCT_NAME = "$(TARGET_NAME)";
				SWIFT_VERSION = 4.0;
				TARGETED_DEVICE_FAMILY = "1,2";
			};
			name = Release;
		};
/* End XCBuildConfiguration section */

/* Begin XCConfigurationList section */
		D8E394A120770B2500229BDD /* Build configuration list for PBXProject "NavigationTutorial" */ = {
			isa = XCConfigurationList;
			buildConfigurations = (
				D8E394B620770B2600229BDD /* Debug */,
				D8E394B720770B2600229BDD /* Release */,
			);
			defaultConfigurationIsVisible = 0;
			defaultConfigurationName = Release;
		};
		D8E394B820770B2600229BDD /* Build configuration list for PBXNativeTarget "NavigationTutorial" */ = {
			isa = XCConfigurationList;
			buildConfigurations = (
				D8E394B920770B2600229BDD /* Debug */,
				D8E394BA20770B2600229BDD /* Release */,
			);
			defaultConfigurationIsVisible = 0;
			defaultConfigurationName = Release;
		};
/* End XCConfigurationList section */
	};
	rootObject = D8E3949E20770B2500229BDD /* Project object */;
}
